lockfileVersion: 5.4

specifiers:
  '@types/node': ^20.5.0
  commander: ^11.0.0
  date-fns: ^2.30.0
  readline: ^1.3.0
  typescript: ^5.1.6

dependencies:
  commander: 11.0.0
  date-fns: 2.30.0
  readline: 1.3.0

devDependencies:
  '@types/node': 20.5.0
  typescript: 5.1.6

packages:

  /@babel/runtime/7.22.10:
    resolution: {integrity: sha512-21t/fkKLMZI4pqP2wlmsQAWnYW1PDyKyyUV4vCi+B25ydmdaYTKXPwCj0BzSUnZf4seIiYvSA3jcZ3gdsMFkLQ==}
    engines: {node: '>=6.9.0'}
    dependencies:
      regenerator-runtime: 0.14.0
    dev: false

  /@types/node/20.5.0:
    resolution: {integrity: sha512-Mgq7eCtoTjT89FqNoTzzXg2XvCi5VMhRV6+I2aYanc6kQCBImeNaAYRs/DyoVqk1YEUJK5gN9VO7HRIdz4Wo3Q==}
    dev: true

  /commander/11.0.0:
    resolution: {integrity: sha512-9HMlXtt/BNoYr8ooyjjNRdIilOTkVJXB+GhxMTtOKwk0R4j4lS4NpjuqmRxroBfnfTSHQIHQB7wryHhXarNjmQ==}
    engines: {node: '>=16'}
    dev: false

  /date-fns/2.30.0:
    resolution: {integrity: sha512-fnULvOpxnC5/Vg3NCiWelDsLiUc9bRwAPs/+LfTLNvetFCtCTN+yQz15C/fs4AwX1R9K5GLtLfn8QW+dWisaAw==}
    engines: {node: '>=0.11'}
    dependencies:
      '@babel/runtime': 7.22.10
    dev: false

  /readline/1.3.0:
    resolution: {integrity: sha512-k2d6ACCkiNYz222Fs/iNze30rRJ1iIicW7JuX/7/cozvih6YCkFZH+J6mAFDVgv0dRBaAyr4jDqC95R2y4IADg==}
    dev: false

  /regenerator-runtime/0.14.0:
    resolution: {integrity: sha512-srw17NI0TUWHuGa5CFGGmhfNIeja30WMBfbslPNhf6JrqQlLN5gcrvig1oqPxiVaXb0oW0XRKtH6Nngs5lKCIA==}
    dev: false

  /typescript/5.1.6:
    resolution: {integrity: sha512-zaWCozRZ6DLEWAWFrVDz1H6FVXzUSfTy5FUMWsQlU8Ym5JP9eO4xkTIROFCQvhQf61z6O/G6ugw3SgAnvvm+HA==}
    engines: {node: '>=14.17'}
    hasBin: true
    dev: true
